
Microsoft Visual Studio Solution File, Format Version 12.00
# Visual Studio Version 16
VisualStudioVersion = 16.0.31911.196
MinimumVisualStudioVersion = 10.0.40219.1
Project("{9A19103F-16F7-4668-BE54-9A1E7A4F7556}") = "GigaBike", "GigaBike\GigaBike.csproj", "{9DC2A57D-2786-40EF-A680-13536B4226A4}"
EndProject
Global
	GlobalSection(SolutionConfigurationPlatforms) = preSolution
		Debug|Any CPU = Debug|Any CPU
		Release|Any CPU = Release|Any CPU
	EndGlobalSection
	GlobalSection(ProjectConfigurationPlatforms) = postSolution
		{9DC2A57D-2786-40EF-A680-13536B4226A4}.Debug|Any CPU.ActiveCfg = Debug|Any CPU
		{9DC2A57D-2786-40EF-A680-13536B4226A4}.Debug|Any CPU.Build.0 = Debug|Any CPU
		{9DC2A57D-2786-40EF-A680-13536B4226A4}.Release|Any CPU.ActiveCfg = Release|Any CPU
		{9DC2A57D-2786-40EF-A680-13536B4226A4}.Release|Any CPU.Build.0 = Release|Any CPU
	EndGlobalSection
	GlobalSection(SolutionProperties) = preSolution
		HideSolutionNode = FALSE
	EndGlobalSection
	GlobalSection(ExtensibilityGlobals) = postSolution
		SolutionGuid = {0E7F4F61-233F-4FF9-936D-EF7DABA615EE}
	EndGlobalSection
EndGlobal
